
Microsoft Visual Studio Solution File, Format Version 12.00
# Visual Studio Version 17
VisualStudioVersion = 17.5.33414.496
MinimumVisualStudioVersion = 10.0.40219.1
Project("{FAE04EC0-301F-11D3-BF4B-00C04F79EFBC}") = "Educal-PB101", "Educal-PB101\Educal-PB101.csproj", "{20E45CCE-C903-4353-B55A-C46C4508B56E}"
EndProject
Global
	GlobalSection(SolutionConfigurationPlatforms) = preSolution
		Debug|Any CPU = Debug|Any CPU
		Release|Any CPU = Release|Any CPU
	EndGlobalSection
	GlobalSection(ProjectConfigurationPlatforms) = postSolution
		{20E45CCE-C903-4353-B55A-C46C4508B56E}.Debug|Any CPU.ActiveCfg = Debug|Any CPU
		{20E45CCE-C903-4353-B55A-C46C4508B56E}.Debug|Any CPU.Build.0 = Debug|Any CPU
		{20E45CCE-C903-4353-B55A-C46C4508B56E}.Release|Any CPU.ActiveCfg = Release|Any CPU
		{20E45CCE-C903-4353-B55A-C46C4508B56E}.Release|Any CPU.Build.0 = Release|Any CPU
	EndGlobalSection
	GlobalSection(SolutionProperties) = preSolution
		HideSolutionNode = FALSE
	EndGlobalSection
	GlobalSection(ExtensibilityGlobals) = postSolution
		SolutionGuid = {2549C3D2-4F20-4D6B-9EA2-10C94B75B80E}
	EndGlobalSection
EndGlobal
